
Microsoft Visual Studio Solution File, Format Version 12.00
# Visual Studio Version 16
VisualStudioVersion = 16.0.31613.86
MinimumVisualStudioVersion = 10.0.40219.1
Project("{FAE04EC0-301F-11D3-BF4B-00C04F79EFBC}") = "BambooCards", "BambooCards\BambooCards.csproj", "{FA960E44-423F-4BAE-A0E9-93EAEBD14F93}"
EndProject
Global
	GlobalSection(SolutionConfigurationPlatforms) = preSolution
		Debug|Any CPU = Debug|Any CPU
		Release|Any CPU = Release|Any CPU
	EndGlobalSection
	GlobalSection(ProjectConfigurationPlatforms) = postSolution
		{FA960E44-423F-4BAE-A0E9-93EAEBD14F93}.Debug|Any CPU.ActiveCfg = Debug|Any CPU
		{FA960E44-423F-4BAE-A0E9-93EAEBD14F93}.Debug|Any CPU.Build.0 = Debug|Any CPU
		{FA960E44-423F-4BAE-A0E9-93EAEBD14F93}.Release|Any CPU.ActiveCfg = Release|Any CPU
		{FA960E44-423F-4BAE-A0E9-93EAEBD14F93}.Release|Any CPU.Build.0 = Release|Any CPU
	EndGlobalSection
	GlobalSection(SolutionProperties) = preSolution
		HideSolutionNode = FALSE
	EndGlobalSection
	GlobalSection(ExtensibilityGlobals) = postSolution
		SolutionGuid = {F9B804A9-0A06-4A3F-AD21-8C40F3599C8F}
	EndGlobalSection
EndGlobal
